// !$*UTF8*$!
{
	archiveVersion = 1;
	classes = {
	};
	objectVersion = 46;
	objects = {

/* Begin PBXBuildFile section */
		1BED73881A0CAEF200C8FE7F /* Foundation.framework in Frameworks */ = {isa = PBXBuildFile; fileRef = 1BED73871A0CAEF200C8FE7F /* Foundation.framework */; };
		1BED738A1A0CAEF200C8FE7F /* CoreGraphics.framework in Frameworks */ = {isa = PBXBuildFile; fileRef = 1BED73891A0CAEF200C8FE7F /* CoreGraphics.framework */; };
		1BED738C1A0CAEF200C8FE7F /* UIKit.framework in Frameworks */ = {isa = PBXBuildFile; fileRef = 1BED738B1A0CAEF200C8FE7F /* UIKit.framework */; };
		1BED73921A0CAEF200C8FE7F /* InfoPlist.strings in Resources */ = {isa = PBXBuildFile; fileRef = 1BED73901A0CAEF200C8FE7F /* InfoPlist.strings */; };
		1BED73941A0CAEF200C8FE7F /* main.m in Sources */ = {isa = PBXBuildFile; fileRef = 1BED73931A0CAEF200C8FE7F /* main.m */; };
		1BED73981A0CAEF200C8FE7F /* LWCAppDelegate.m in Sources */ = {isa = PBXBuildFile; fileRef = 1BED73971A0CAEF200C8FE7F /* LWCAppDelegate.m */; };
		1BED739A1A0CAEF200C8FE7F /* Images.xcassets in Resources */ = {isa = PBXBuildFile; fileRef = 1BED73991A0CAEF200C8FE7F /* Images.xcassets */; };
		1BED73A11A0CAEF200C8FE7F /* XCTest.framework in Frameworks */ = {isa = PBXBuildFile; fileRef = 1BED73A01A0CAEF200C8FE7F /* XCTest.framework */; };
		1BED73A21A0CAEF200C8FE7F /* Foundation.framework in Frameworks */ = {isa = PBXBuildFile; fileRef = 1BED73871A0CAEF200C8FE7F /* Foundation.framework */; };
		1BED73A31A0CAEF200C8FE7F /* UIKit.framework in Frameworks */ = {isa = PBXBuildFile; fileRef = 1BED738B1A0CAEF200C8FE7F /* UIKit.framework */; };
		1BED73AB1A0CAEF200C8FE7F /* InfoPlist.strings in Resources */ = {isa = PBXBuildFile; fileRef = 1BED73A91A0CAEF200C8FE7F /* InfoPlist.strings */; };
		1BED73AD1A0CAEF200C8FE7F /* NSThreadTests.m in Sources */ = {isa = PBXBuildFile; fileRef = 1BED73AC1A0CAEF200C8FE7F /* NSThreadTests.m */; };
		1BED73B81A0CB4F700C8FE7F /* LWCViewController.m in Sources */ = {isa = PBXBuildFile; fileRef = 1BED73B71A0CB4F700C8FE7F /* LWCViewController.m */; };
/* End PBXBuildFile section */

/* Begin PBXContainerItemProxy section */
		1BED73A41A0CAEF200C8FE7F /* PBXContainerItemProxy */ = {
			isa = PBXContainerItemProxy;
			containerPortal = 1BED737C1A0CAEF200C8FE7F /* Project object */;
			proxyType = 1;
			remoteGlobalIDString = 1BED73831A0CAEF200C8FE7F;
			remoteInfo = NSThread;
		};
/* End PBXContainerItemProxy section */

/* Begin PBXFileReference section */
		1BED73841A0CAEF200C8FE7F /* NSThread.app */ = {isa = PBXFileReference; explicitFileType = wrapper.application; includeInIndex = 0; path = NSThread.app; sourceTree = BUILT_PRODUCTS_DIR; };
		1BED73871A0CAEF200C8FE7F /* Foundation.framework */ = {isa = PBXFileReference; lastKnownFileType = wrapper.framework; name = Foundation.framework; path = System/Library/Frameworks/Foundation.framework; sourceTree = SDKROOT; };
		1BED73891A0CAEF200C8FE7F /* CoreGraphics.framework */ = {isa = PBXFileReference; lastKnownFileType = wrapper.framework; name = CoreGraphics.framework; path = System/Library/Frameworks/CoreGraphics.framework; sourceTree = SDKROOT; };
		1BED738B1A0CAEF200C8FE7F /* UIKit.framework */ = {isa = PBXFileReference; lastKnownFileType = wrapper.framework; name = UIKit.framework; path = System/Library/Frameworks/UIKit.framework; sourceTree = SDKROOT; };
		1BED738F1A0CAEF200C8FE7F /* NSThread-Info.plist */ = {isa = PBXFileReference; lastKnownFileType = text.plist.xml; path = "NSThread-Info.plist"; sourceTree = "<group>"; };
		1BED73911A0CAEF200C8FE7F /* en */ = {isa = PBXFileReference; lastKnownFileType = text.plist.strings; name = en; path = en.lproj/InfoPlist.strings; sourceTree = "<group>"; };
		1BED73931A0CAEF200C8FE7F /* main.m */ = {isa = PBXFileReference; lastKnownFileType = sourcecode.c.objc; path = main.m; sourceTree = "<group>"; };
		1BED73951A0CAEF200C8FE7F /* NSThread-Prefix.pch */ = {isa = PBXFileReference; lastKnownFileType = sourcecode.c.h; path = "NSThread-Prefix.pch"; sourceTree = "<group>"; };
		1BED73961A0CAEF200C8FE7F /* LWCAppDelegate.h */ = {isa = PBXFileReference; lastKnownFileType = sourcecode.c.h; path = LWCAppDelegate.h; sourceTree = "<group>"; };
		1BED73971A0CAEF200C8FE7F /* LWCAppDelegate.m */ = {isa = PBXFileReference; lastKnownFileType = sourcecode.c.objc; path = LWCAppDelegate.m; sourceTree = "<group>"; };
		1BED73991A0CAEF200C8FE7F /* Images.xcassets */ = {isa = PBXFileReference; lastKnownFileType = folder.assetcatalog; path = Images.xcassets; sourceTree = "<group>"; };
		1BED739F1A0CAEF200C8FE7F /* NSThreadTests.xctest */ = {isa = PBXFileReference; explicitFileType = wrapper.cfbundle; includeInIndex = 0; path = NSThreadTests.xctest; sourceTree = BUILT_PRODUCTS_DIR; };
		1BED73A01A0CAEF200C8FE7F /* XCTest.framework */ = {isa = PBXFileReference; lastKnownFileType = wrapper.framework; name = XCTest.framework; path = Library/Frameworks/XCTest.framework; sourceTree = DEVELOPER_DIR; };
		1BED73A81A0CAEF200C8FE7F /* NSThreadTests-Info.plist */ = {isa = PBXFileReference; lastKnownFileType = text.plist.xml; path = "NSThreadTests-Info.plist"; sourceTree = "<group>"; };
		1BED73AA1A0CAEF200C8FE7F /* en */ = {isa = PBXFileReference; lastKnownFileType = text.plist.strings; name = en; path = en.lproj/InfoPlist.strings; sourceTree = "<group>"; };
		1BED73AC1A0CAEF200C8FE7F /* NSThreadTests.m */ = {isa = PBXFileReference; lastKnownFileType = sourcecode.c.objc; path = NSThreadTests.m; sourceTree = "<group>"; };
		1BED73B61A0CB4F600C8FE7F /* LWCViewController.h */ = {isa = PBXFileReference; fileEncoding = 4; lastKnownFileType = sourcecode.c.h; path = LWCViewController.h; sourceTree = "<group>"; };
		1BED73B71A0CB4F700C8FE7F /* LWCViewController.m */ = {isa = PBXFileReference; fileEncoding = 4; lastKnownFileType = sourcecode.c.objc; path = LWCViewController.m; sourceTree = "<group>"; };
/* End PBXFileReference section */

/* Begin PBXFrameworksBuildPhase section */
		1BED73811A0CAEF200C8FE7F /* Frameworks */ = {
			isa = PBXFrameworksBuildPhase;
			buildActionMask = 2147483647;
			files = (
				1BED738A1A0CAEF200C8FE7F /* CoreGraphics.framework in Frameworks */,
				1BED738C1A0CAEF200C8FE7F /* UIKit.framework in Frameworks */,
				1BED73881A0CAEF200C8FE7F /* Foundation.framework in Frameworks */,
			);
			runOnlyForDeploymentPostprocessing = 0;
		};
		1BED739C1A0CAEF200C8FE7F /* Frameworks */ = {
			isa = PBXFrameworksBuildPhase;
			buildActionMask = 2147483647;
			files = (
				1BED73A11A0CAEF200C8FE7F /* XCTest.framework in Frameworks */,
				1BED73A31A0CAEF200C8FE7F /* UIKit.framework in Frameworks */,
				1BED73A21A0CAEF200C8FE7F /* Foundation.framework in Frameworks */,
			);
			runOnlyForDeploymentPostprocessing = 0;
		};
/* End PBXFrameworksBuildPhase section */

/* Begin PBXGroup section */
		1BED737B1A0CAEF200C8FE7F = {
			isa = PBXGroup;
			children = (
				1BED738D1A0CAEF200C8FE7F /* NSThread */,
				1BED73A61A0CAEF200C8FE7F /* NSThreadTests */,
				1BED73861A0CAEF200C8FE7F /* Frameworks */,
				1BED73851A0CAEF200C8FE7F /* Products */,
			);
			sourceTree = "<group>";
		};
		1BED73851A0CAEF200C8FE7F /* Products */ = {
			isa = PBXGroup;
			children = (
				1BED73841A0CAEF200C8FE7F /* NSThread.app */,
				1BED739F1A0CAEF200C8FE7F /* NSThreadTests.xctest */,
			);
			name = Products;
			sourceTree = "<group>";
		};
		1BED73861A0CAEF200C8FE7F /* Frameworks */ = {
			isa = PBXGroup;
			children = (
				1BED73871A0CAEF200C8FE7F /* Foundation.framework */,
				1BED73891A0CAEF200C8FE7F /* CoreGraphics.framework */,
				1BED738B1A0CAEF200C8FE7F /* UIKit.framework */,
				1BED73A01A0CAEF200C8FE7F /* XCTest.framework */,
			);
			name = Frameworks;
			sourceTree = "<group>";
		};
		1BED738D1A0CAEF200C8FE7F /* NSThread */ = {
			isa = PBXGroup;
			children = (
				1BED73961A0CAEF200C8FE7F /* LWCAppDelegate.h */,
				1BED73971A0CAEF200C8FE7F /* LWCAppDelegate.m */,
				1BED73B61A0CB4F600C8FE7F /* LWCViewController.h */,
				1BED73B71A0CB4F700C8FE7F /* LWCViewController.m */,
				1BED73991A0CAEF200C8FE7F /* Images.xcassets */,
				1BED738E1A0CAEF200C8FE7F /* Supporting Files */,
			);
			path = NSThread;
			sourceTree = "<group>";
		};
		1BED738E1A0CAEF200C8FE7F /* Supporting Files */ = {
			isa = PBXGroup;
			children = (
				1BED738F1A0CAEF200C8FE7F /* NSThread-Info.plist */,
				1BED73901A0CAEF200C8FE7F /* InfoPlist.strings */,
				1BED73931A0CAEF200C8FE7F /* main.m */,
				1BED73951A0CAEF200C8FE7F /* NSThread-Prefix.pch */,
			);
			name = "Supporting Files";
			sourceTree = "<group>";
		};
		1BED73A61A0CAEF200C8FE7F /* NSThreadTests */ = {
			isa = PBXGroup;
			children = (
				1BED73AC1A0CAEF200C8FE7F /* NSThreadTests.m */,
				1BED73A71A0CAEF200C8FE7F /* Supporting Files */,
			);
			path = NSThreadTests;
			sourceTree = "<group>";
		};
		1BED73A71A0CAEF200C8FE7F /* Supporting Files */ = {
			isa = PBXGroup;
			children = (
				1BED73A81A0CAEF200C8FE7F /* NSThreadTests-Info.plist */,
				1BED73A91A0CAEF200C8FE7F /* InfoPlist.strings */,
			);
			name = "Supporting Files";
			sourceTree = "<group>";
		};
/* End PBXGroup section */

/* Begin PBXNativeTarget section */
		1BED73831A0CAEF200C8FE7F /* NSThread */ = {
			isa = PBXNativeTarget;
			buildConfigurationList = 1BED73B01A0CAEF200C8FE7F /* Build configuration list for PBXNativeTarget "NSThread" */;
			buildPhases = (
				1BED73801A0CAEF200C8FE7F /* Sources */,
				1BED73811A0CAEF200C8FE7F /* Frameworks */,
				1BED73821A0CAEF200C8FE7F /* Resources */,
			);
			buildRules = (
			);
			dependencies = (
			);
			name = NSThread;
			productName = NSThread;
			productReference = 1BED73841A0CAEF200C8FE7F /* NSThread.app */;
			productType = "com.apple.product-type.application";
		};
		1BED739E1A0CAEF200C8FE7F /* NSThreadTests */ = {
			isa = PBXNativeTarget;
			buildConfigurationList = 1BED73B31A0CAEF200C8FE7F /* Build configuration list for PBXNativeTarget "NSThreadTests" */;
			buildPhases = (
				1BED739B1A0CAEF200C8FE7F /* Sources */,
				1BED739C1A0CAEF200C8FE7F /* Frameworks */,
				1BED739D1A0CAEF200C8FE7F /* Resources */,
			);
			buildRules = (
			);
			dependencies = (
				1BED73A51A0CAEF200C8FE7F /* PBXTargetDependency */,
			);
			name = NSThreadTests;
			productName = NSThreadTests;
			productReference = 1BED739F1A0CAEF200C8FE7F /* NSThreadTests.xctest */;
			productType = "com.apple.product-type.bundle.unit-test";
		};
/* End PBXNativeTarget section */

/* Begin PBXProject section */
		1BED737C1A0CAEF200C8FE7F /* Project object */ = {
			isa = PBXProject;
			attributes = {
				CLASSPREFIX = LWC;
				LastUpgradeCheck = 0510;
				ORGANIZATIONNAME = LWC;
				TargetAttributes = {
					1BED739E1A0CAEF200C8FE7F = {
						TestTargetID = 1BED73831A0CAEF200C8FE7F;
					};
				};
			};
			buildConfigurationList = 1BED737F1A0CAEF200C8FE7F /* Build configuration list for PBXProject "NSThread" */;
			compatibilityVersion = "Xcode 3.2";
			developmentRegion = English;
			hasScannedForEncodings = 0;
			knownRegions = (
				en,
			);
			mainGroup = 1BED737B1A0CAEF200C8FE7F;
			productRefGroup = 1BED73851A0CAEF200C8FE7F /* Products */;
			projectDirPath = "";
			projectRoot = "";
			targets = (
				1BED73831A0CAEF200C8FE7F /* NSThread */,
				1BED739E1A0CAEF200C8FE7F /* NSThreadTests */,
			);
		};
/* End PBXProject section */

/* Begin PBXResourcesBuildPhase section */
		1BED73821A0CAEF200C8FE7F /* Resources */ = {
			isa = PBXResourcesBuildPhase;
			buildActionMask = 2147483647;
			files = (
				1BED73921A0CAEF200C8FE7F /* InfoPlist.strings in Resources */,
				1BED739A1A0CAEF200C8FE7F /* Images.xcassets in Resources */,
			);
			runOnlyForDeploymentPostprocessing = 0;
		};
		1BED739D1A0CAEF200C8FE7F /* Resources */ = {
			isa = PBXResourcesBuildPhase;
			buildActionMask = 2147483647;
			files = (
				1BED73AB1A0CAEF200C8FE7F /* InfoPlist.strings in Resources */,
			);
			runOnlyForDeploymentPostprocessing = 0;
		};
/* End PBXResourcesBuildPhase section */

/* Begin PBXSourcesBuildPhase section */
		1BED73801A0CAEF200C8FE7F /* Sources */ = {
			isa = PBXSourcesBuildPhase;
			buildActionMask = 2147483647;
			files = (
				1BED73941A0CAEF200C8FE7F /* main.m in Sources */,
				1BED73981A0CAEF200C8FE7F /* LWCAppDelegate.m in Sources */,
				1BED73B81A0CB4F700C8FE7F /* LWCViewController.m in Sources */,
			);
			runOnlyForDeploymentPostprocessing = 0;
		};
		1BED739B1A0CAEF200C8FE7F /* Sources */ = {
			isa = PBXSourcesBuildPhase;
			buildActionMask = 2147483647;
			files = (
				1BED73AD1A0CAEF200C8FE7F /* NSThreadTests.m in Sources */,
			);
			runOnlyForDeploymentPostprocessing = 0;
		};
/* End PBXSourcesBuildPhase section */

/* Begin PBXTargetDependency section */
		1BED73A51A0CAEF200C8FE7F /* PBXTargetDependency */ = {
			isa = PBXTargetDependency;
			target = 1BED73831A0CAEF200C8FE7F /* NSThread */;
			targetProxy = 1BED73A41A0CAEF200C8FE7F /* PBXContainerItemProxy */;
		};
/* End PBXTargetDependency section */

/* Begin PBXVariantGroup section */
		1BED73901A0CAEF200C8FE7F /* InfoPlist.strings */ = {
			isa = PBXVariantGroup;
			children = (
				1BED73911A0CAEF200C8FE7F /* en */,
			);
			name = InfoPlist.strings;
			sourceTree = "<group>";
		};
		1BED73A91A0CAEF200C8FE7F /* InfoPlist.strings */ = {
			isa = PBXVariantGroup;
			children = (
				1BED73AA1A0CAEF200C8FE7F /* en */,
			);
			name = InfoPlist.strings;
			sourceTree = "<group>";
		};
/* End PBXVariantGroup section */

/* Begin XCBuildConfiguration section */
		1BED73AE1A0CAEF200C8FE7F /* Debug */ = {
			isa = XCBuildConfiguration;
			buildSettings = {
				ALWAYS_SEARCH_USER_PATHS = NO;
				CLANG_CXX_LANGUAGE_STANDARD = "gnu++0x";
				CLANG_CXX_LIBRARY = "libc++";
				CLANG_ENABLE_MODULES = YES;
				CLANG_ENABLE_OBJC_ARC = YES;
				CLANG_WARN_BOOL_CONVERSION = YES;
				CLANG_WARN_CONSTANT_CONVERSION = YES;
				CLANG_WARN_DIRECT_OBJC_ISA_USAGE = YES_ERROR;
				CLANG_WARN_EMPTY_BODY = YES;
				CLANG_WARN_ENUM_CONVERSION = YES;
				CLANG_WARN_INT_CONVERSION = YES;
				CLANG_WARN_OBJC_ROOT_CLASS = YES_ERROR;
				CLANG_WARN__DUPLICATE_METHOD_MATCH = YES;
				"CODE_SIGN_IDENTITY[sdk=iphoneos*]" = "iPhone Developer";
				COPY_PHASE_STRIP = NO;
				GCC_C_LANGUAGE_STANDARD = gnu99;
				GCC_DYNAMIC_NO_PIC = NO;
				GCC_OPTIMIZATION_LEVEL = 0;
				GCC_PREPROCESSOR_DEFINITIONS = (
					"DEBUG=1",
					"$(inherited)",
				);
				GCC_SYMBOLS_PRIVATE_EXTERN = NO;
				GCC_WARN_64_TO_32_BIT_CONVERSION = YES;
				GCC_WARN_ABOUT_RETURN_TYPE = YES_ERROR;
				GCC_WARN_UNDECLARED_SELECTOR = YES;
				GCC_WARN_UNINITIALIZED_AUTOS = YES_AGGRESSIVE;
				GCC_WARN_UNUSED_FUNCTION = YES;
				GCC_WARN_UNUSED_VARIABLE = YES;
				IPHONEOS_DEPLOYMENT_TARGET = 7.1;
				ONLY_ACTIVE_ARCH = YES;
				SDKROOT = iphoneos;
			};
			name = Debug;
		};
		1BED73AF1A0CAEF200C8FE7F /* Release */ = {
			isa = XCBuildConfiguration;
			buildSettings = {
				ALWAYS_SEARCH_USER_PATHS = NO;
				CLANG_CXX_LANGUAGE_STANDARD = "gnu++0x";
				CLANG_CXX_LIBRARY = "libc++";
				CLANG_ENABLE_MODULES = YES;
				CLANG_ENABLE_OBJC_ARC = YES;
				CLANG_WARN_BOOL_CONVERSION = YES;
				CLANG_WARN_CONSTANT_CONVERSION = YES;
				CLANG_WARN_DIRECT_OBJC_ISA_USAGE = YES_ERROR;
				CLANG_WARN_EMPTY_BODY = YES;
				CLANG_WARN_ENUM_CONVERSION = YES;
				CLANG_WARN_INT_CONVERSION = YES;
				CLANG_WARN_OBJC_ROOT_CLASS = YES_ERROR;
				CLANG_WARN__DUPLICATE_METHOD_MATCH = YES;
				"CODE_SIGN_IDENTITY[sdk=iphoneos*]" = "iPhone Developer";
				COPY_PHASE_STRIP = YES;
				ENABLE_NS_ASSERTIONS = NO;
				GCC_C_LANGUAGE_STANDARD = gnu99;
				GCC_WARN_64_TO_32_BIT_CONVERSION = YES;
				GCC_WARN_ABOUT_RETURN_TYPE = YES_ERROR;
				GCC_WARN_UNDECLARED_SELECTOR = YES;
				GCC_WARN_UNINITIALIZED_AUTOS = YES_AGGRESSIVE;
				GCC_WARN_UNUSED_FUNCTION = YES;
				GCC_WARN_UNUSED_VARIABLE = YES;
				IPHONEOS_DEPLOYMENT_TARGET = 7.1;
				SDKROOT = iphoneos;
				VALIDATE_PRODUCT = YES;
			};
			name = Release;
		};
		1BED73B11A0CAEF200C8FE7F /* Debug */ = {
			isa = XCBuildConfiguration;
			buildSettings = {
				ASSETCATALOG_COMPILER_APPICON_NAME = AppIcon;
				ASSETCATALOG_COMPILER_LAUNCHIMAGE_NAME = LaunchImage;
				GCC_PRECOMPILE_PREFIX_HEADER = YES;
				GCC_PREFIX_HEADER = "NSThread/NSThread-Prefix.pch";
				INFOPLIST_FILE = "NSThread/NSThread-Info.plist";
				IPHONEOS_DEPLOYMENT_TARGET = 6.0;
				PRODUCT_NAME = "$(TARGET_NAME)";
				WRAPPER_EXTENSION = app;
			};
			name = Debug;
		};
		1BED73B21A0CAEF200C8FE7F /* Release */ = {
			isa = XCBuildConfiguration;
			buildSettings = {
				ASSETCATALOG_COMPILER_APPICON_NAME = AppIcon;
				ASSETCATALOG_COMPILER_LAUNCHIMAGE_NAME = LaunchImage;
				GCC_PRECOMPILE_PREFIX_HEADER = YES;
				GCC_PREFIX_HEADER = "NSThread/NSThread-Prefix.pch";
				INFOPLIST_FILE = "NSThread/NSThread-Info.plist";
				IPHONEOS_DEPLOYMENT_TARGET = 6.0;
				PRODUCT_NAME = "$(TARGET_NAME)";
				WRAPPER_EXTENSION = app;
			};
			name = Release;
		};
		1BED73B41A0CAEF200C8FE7F /* Debug */ = {
			isa = XCBuildConfiguration;
			buildSettings = {
				BUNDLE_LOADER = "$(BUILT_PRODUCTS_DIR)/NSThread.app/NSThread";
				FRAMEWORK_SEARCH_PATHS = (
					"$(SDKROOT)/Developer/Library/Frameworks",
					"$(inherited)",
					"$(DEVELOPER_FRAMEWORKS_DIR)",
				);
				GCC_PRECOMPILE_PREFIX_HEADER = YES;
				GCC_PREFIX_HEADER = "NSThread/NSThread-Prefix.pch";
				GCC_PREPROCESSOR_DEFINITIONS = (
					"DEBUG=1",
					"$(inherited)",
				);
				INFOPLIST_FILE = "NSThreadTests/NSThreadTests-Info.plist";
				PRODUCT_NAME = "$(TARGET_NAME)";
				TEST_HOST = "$(BUNDLE_LOADER)";
				WRAPPER_EXTENSION = xctest;
			};
			name = Debug;
		};
		1BED73B51A0CAEF200C8FE7F /* Release */ = {
			isa = XCBuildConfiguration;
			buildSettings = {
				BUNDLE_LOADER = "$(BUILT_PRODUCTS_DIR)/NSThread.app/NSThread";
				FRAMEWORK_SEARCH_PATHS = (
					"$(SDKROOT)/Developer/Library/Frameworks",
					"$(inherited)",
					"$(DEVELOPER_FRAMEWORKS_DIR)",
				);
				GCC_PRECOMPILE_PREFIX_HEADER = YES;
				GCC_PREFIX_HEADER = "NSThread/NSThread-Prefix.pch";
				INFOPLIST_FILE = "NSThreadTests/NSThreadTests-Info.plist";
				PRODUCT_NAME = "$(TARGET_NAME)";
				TEST_HOST = "$(BUNDLE_LOADER)";
				WRAPPER_EXTENSION = xctest;
			};
			name = Release;
		};
/* End XCBuildConfiguration section */

/* Begin XCConfigurationList section */
		1BED737F1A0CAEF200C8FE7F /* Build configuration list for PBXProject "NSThread" */ = {
			isa = XCConfigurationList;
			buildConfigurations = (
				1BED73AE1A0CAEF200C8FE7F /* Debug */,
				1BED73AF1A0CAEF200C8FE7F /* Release */,
			);
			defaultConfigurationIsVisible = 0;
			defaultConfigurationName = Release;
		};
		1BED73B01A0CAEF200C8FE7F /* Build configuration list for PBXNativeTarget "NSThread" */ = {
			isa = XCConfigurationList;
			buildConfigurations = (
				1BED73B11A0CAEF200C8FE7F /* Debug */,
				1BED73B21A0CAEF200C8FE7F /* Release */,
			);
			defaultConfigurationIsVisible = 0;
		};
		1BED73B31A0CAEF200C8FE7F /* Build configuration list for PBXNativeTarget "NSThreadTests" */ = {
			isa = XCConfigurationList;
			buildConfigurations = (
				1BED73B41A0CAEF200C8FE7F /* Debug */,
				1BED73B51A0CAEF200C8FE7F /* Release */,
			);
			defaultConfigurationIsVisible = 0;
		};
/* End XCConfigurationList section */
	};
	rootObject = 1BED737C1A0CAEF200C8FE7F /* Project object */;
}
